
Microsoft Visual Studio Solution File, Format Version 12.00
# Visual Studio Version 16
VisualStudioVersion = 16.0.30114.105
MinimumVisualStudioVersion = 10.0.40219.1
Project("{FAE04EC0-301F-11D3-BF4B-00C04F79EFBC}") = "Sitzplan", "Sitzplan\Sitzplan.csproj", "{82213A0E-4209-4C82-800B-C236C99F3126}"
EndProject
Project("{2150E333-8FDC-42A3-9474-1A3956D46DE8}") = "Solution Items", "Solution Items", "{C37225E8-721E-4A57-8045-2D7DCFEA750A}"
EndProject
Global
	GlobalSection(SolutionConfigurationPlatforms) = preSolution
		Debug|Any CPU = Debug|Any CPU
		Release|Any CPU = Release|Any CPU
	EndGlobalSection
	GlobalSection(ProjectConfigurationPlatforms) = postSolution
		{82213A0E-4209-4C82-800B-C236C99F3126}.Debug|Any CPU.ActiveCfg = Debug|Any CPU
		{82213A0E-4209-4C82-800B-C236C99F3126}.Debug|Any CPU.Build.0 = Debug|Any CPU
		{82213A0E-4209-4C82-800B-C236C99F3126}.Release|Any CPU.ActiveCfg = Release|Any CPU
		{82213A0E-4209-4C82-800B-C236C99F3126}.Release|Any CPU.Build.0 = Release|Any CPU
	EndGlobalSection
	GlobalSection(SolutionProperties) = preSolution
		HideSolutionNode = FALSE
	EndGlobalSection
	GlobalSection(ExtensibilityGlobals) = postSolution
		SolutionGuid = {870764A7-2294-496B-91BF-B2DB07E7F6B0}
	EndGlobalSection
EndGlobal
